
Microsoft Visual Studio Solution File, Format Version 12.00
# Visual Studio Version 17
VisualStudioVersion = 17.14.36705.20 d17.14
MinimumVisualStudioVersion = 10.0.40219.1
Project("{FAE04EC0-301F-11D3-BF4B-00C04F79EFBC}") = "Orion", "Orion.csproj", "{941E2691-ADC7-4564-9BFE-606BD3092578}"
EndProject
Global
	GlobalSection(SolutionConfigurationPlatforms) = preSolution
		Debug|Any CPU = Debug|Any CPU
		Release|Any CPU = Release|Any CPU
	EndGlobalSection
	GlobalSection(ProjectConfigurationPlatforms) = postSolution
		{941E2691-ADC7-4564-9BFE-606BD3092578}.Debug|Any CPU.ActiveCfg = Debug|Any CPU
		{941E2691-ADC7-4564-9BFE-606BD3092578}.Debug|Any CPU.Build.0 = Debug|Any CPU
		{941E2691-ADC7-4564-9BFE-606BD3092578}.Release|Any CPU.ActiveCfg = Release|Any CPU
		{941E2691-ADC7-4564-9BFE-606BD3092578}.Release|Any CPU.Build.0 = Release|Any CPU
	EndGlobalSection
	GlobalSection(SolutionProperties) = preSolution
		HideSolutionNode = FALSE
	EndGlobalSection
	GlobalSection(ExtensibilityGlobals) = postSolution
		SolutionGuid = {263C8ABC-AE31-43AE-B710-2A44D757E465}
	EndGlobalSection
EndGlobal
